{
  "nodes": {
    "cl-history-kit": {
      "flake": false,
      "locked": {
        "lastModified": 1785428208,
        "narHash": "sha256-UmwYVwf8bxDb8Od8eAwn8+BMUzuDpb33wHNiXrapooQ=",
        "owner": "nerima-lisp",
        "repo": "cl-history-kit",
        "rev": "339066930823fad9968735dee883cb705ef814ba",
        "type": "github"
      },
      "original": {
        "owner": "nerima-lisp",
        "ref": "v1.0.1",
        "repo": "cl-history-kit",
        "type": "github"
      }
    },
    "cl-host-kit": {
      "flake": false,
      "locked": {
        "lastModified": 1785433376,
        "narHash": "sha256-sivxc+tzylWHzkRhIn6yAj8CFCTsoG+gFx7B2q6aBT4=",
        "owner": "nerima-lisp",
        "repo": "cl-host-kit",
        "rev": "e1b5bd199c93bc083e8dee58d0a70c233d1d9e86",
        "type": "github"
      },
      "original": {
        "owner": "nerima-lisp",
        "ref": "v0.2.1",
        "repo": "cl-host-kit",
        "type": "github"
      }
    },
    "cl-nix-forge": {
      "inputs": {
        "nixpkgs": [
          "cl-weave",
          "nixpkgs"
        ],
        "treefmt-nix": "treefmt-nix"
      },
      "locked": {
        "lastModified": 1785343250,
        "narHash": "sha256-D270XDkMhwxKpS7M3hkmICogce5Ms0gi3miMJVGOoOo=",
        "owner": "nerima-lisp",
        "repo": "cl-nix-forge",
        "rev": "b028786a70d883e82ecc9f6b858ebc669daaec41",
        "type": "github"
      },
      "original": {
        "owner": "nerima-lisp",
        "ref": "v0.3.0",
        "repo": "cl-nix-forge",
        "type": "github"
      }
    },
    "cl-tty-kit": {
      "flake": false,
      "locked": {
        "lastModified": 1785433893,
        "narHash": "sha256-jc49xw2wHeCT3ckPKbr1mIosrVs/jhe5kZQcHoJSJdA=",
        "owner": "nerima-lisp",
        "repo": "cl-tty-kit",
        "rev": "c0a39f74afe6b0a14f7b0df6df86f310b6c7f327",
        "type": "github"
      },
      "original": {
        "owner": "nerima-lisp",
        "ref": "v1.0.3",
        "repo": "cl-tty-kit",
        "type": "github"
      }
    },
    "cl-weave": {
      "inputs": {
        "cl-nix-forge": "cl-nix-forge",
        "nixpkgs": [
          "nixpkgs"
        ],
        "paredit-cli": "paredit-cli",
        "treefmt-nix": "treefmt-nix_3"
      },
      "locked": {
        "lastModified": 1785376209,
        "narHash": "sha256-Grh5JozH3XA3yAbkm6HoWgSeVYRecfEj1GwmglehdNg=",
        "owner": "nerima-lisp",
        "repo": "cl-weave",
        "rev": "16a35617a3c3d173ce7b3d1bd63b77b6d85bbd70",
        "type": "github"
      },
      "original": {
        "owner": "nerima-lisp",
        "ref": "v1.1.0",
        "repo": "cl-weave",
        "type": "github"
      }
    },
    "nixpkgs": {
      "locked": {
        "lastModified": 1785454630,
        "narHash": "sha256-LQy14TZp77TwbQf40gg1V3jo8FwJG0jGDkAH+zRHqg8=",
        "owner": "NixOS",
        "repo": "nixpkgs",
        "rev": "1559d3daa3ecc813a650b79375ea61b6741b8746",
        "type": "github"
      },
      "original": {
        "owner": "NixOS",
        "ref": "nixos-unstable",
        "repo": "nixpkgs",
        "type": "github"
      }
    },
    "paredit-cli": {
      "inputs": {
        "nixpkgs": [
          "cl-weave",
          "nixpkgs"
        ],
        "rust-overlay": "rust-overlay",
        "treefmt-nix": "treefmt-nix_2"
      },
      "locked": {
        "lastModified": 1783796150,
        "narHash": "sha256-EiA9eOKIZ5mIPHUzINSg/lKxHNjm/ljn0BVWCFQHwDI=",
        "owner": "takeokunn",
        "repo": "paredit-cli",
        "rev": "335e3b8e7f737ed9afec5f166ab944e524d38059",
        "type": "github"
      },
      "original": {
        "owner": "takeokunn",
        "repo": "paredit-cli",
        "type": "github"
      }
    },
    "root": {
      "inputs": {
        "cl-history-kit": "cl-history-kit",
        "cl-host-kit": "cl-host-kit",
        "cl-tty-kit": "cl-tty-kit",
        "cl-weave": "cl-weave",
        "nixpkgs": "nixpkgs",
        "treefmt-nix": "treefmt-nix_4"
      }
    },
    "rust-overlay": {
      "inputs": {
        "nixpkgs": [
          "cl-weave",
          "paredit-cli",
          "nixpkgs"
        ]
      },
      "locked": {
        "lastModified": 1783663825,
        "narHash": "sha256-TTrNVoFdEw8j0Hn+shP1KAsimTmszTWBIIUliTaAuY0=",
        "owner": "oxalica",
        "repo": "rust-overlay",
        "rev": "072adf9b18936c1062c48123a9b77891d5968f2c",
        "type": "github"
      },
      "original": {
        "owner": "oxalica",
        "repo": "rust-overlay",
        "type": "github"
      }
    },
    "treefmt-nix": {
      "inputs": {
        "nixpkgs": [
          "cl-weave",
          "cl-nix-forge",
          "nixpkgs"
        ]
      },
      "locked": {
        "lastModified": 1784369104,
        "narHash": "sha256-47cxbcZODibHv3rELFQ9vZly0vUNkND/atn/U7HLeb0=",
        "owner": "numtide",
        "repo": "treefmt-nix",
        "rev": "df3c0640565d04a0261253cdd89fce78ec50168a",
        "type": "github"
      },
      "original": {
        "owner": "numtide",
        "repo": "treefmt-nix",
        "type": "github"
      }
    },
    "treefmt-nix_2": {
      "inputs": {
        "nixpkgs": [
          "cl-weave",
          "paredit-cli",
          "nixpkgs"
        ]
      },
      "locked": {
        "lastModified": 1780220602,
        "narHash": "sha256-eynAfOmbmxJnkp7YewvCEbShNnnYJ9gLLqkzsYtBPeM=",
        "owner": "numtide",
        "repo": "treefmt-nix",
        "rev": "db947814a175b7ca6ded66e21383d938df01c227",
        "type": "github"
      },
      "original": {
        "owner": "numtide",
        "repo": "treefmt-nix",
        "type": "github"
      }
    },
    "treefmt-nix_3": {
      "inputs": {
        "nixpkgs": [
          "cl-weave",
          "nixpkgs"
        ]
      },
      "locked": {
        "lastModified": 1784369104,
        "narHash": "sha256-47cxbcZODibHv3rELFQ9vZly0vUNkND/atn/U7HLeb0=",
        "owner": "numtide",
        "repo": "treefmt-nix",
        "rev": "df3c0640565d04a0261253cdd89fce78ec50168a",
        "type": "github"
      },
      "original": {
        "owner": "numtide",
        "repo": "treefmt-nix",
        "type": "github"
      }
    },
    "treefmt-nix_4": {
      "inputs": {
        "nixpkgs": [
          "nixpkgs"
        ]
      },
      "locked": {
        "lastModified": 1785360170,
        "narHash": "sha256-XE1lKgQ3eIO3E7zWryqcRsax+mYXod/5RHBn4YaR9YE=",
        "owner": "numtide",
        "repo": "treefmt-nix",
        "rev": "d1187f8bc71fb8aab02395869ec3f5c1920f75c0",
        "type": "github"
      },
      "original": {
        "owner": "numtide",
        "repo": "treefmt-nix",
        "type": "github"
      }
    }
  },
  "root": "root",
  "version": 7
}
